
Microsoft Visual Studio Solution File, Format Version 12.00
# Visual Studio Version 17
VisualStudioVersion = 17.5.33424.131
MinimumVisualStudioVersion = 10.0.40219.1
Project("{FAE04EC0-301F-11D3-BF4B-00C04F79EFBC}") = "Calculadora.WinFormsApp1", "Calculadora.WinFormsApp1\Calculadora.WinFormsApp1.csproj", "{D5EE6B8E-95C5-45CD-B77A-ECE3FB29C86C}"
EndProject
Global
	GlobalSection(SolutionConfigurationPlatforms) = preSolution
		Debug|Any CPU = Debug|Any CPU
		Release|Any CPU = Release|Any CPU
	EndGlobalSection
	GlobalSection(ProjectConfigurationPlatforms) = postSolution
		{D5EE6B8E-95C5-45CD-B77A-ECE3FB29C86C}.Debug|Any CPU.ActiveCfg = Debug|Any CPU
		{D5EE6B8E-95C5-45CD-B77A-ECE3FB29C86C}.Debug|Any CPU.Build.0 = Debug|Any CPU
		{D5EE6B8E-95C5-45CD-B77A-ECE3FB29C86C}.Release|Any CPU.ActiveCfg = Release|Any CPU
		{D5EE6B8E-95C5-45CD-B77A-ECE3FB29C86C}.Release|Any CPU.Build.0 = Release|Any CPU
	EndGlobalSection
	GlobalSection(SolutionProperties) = preSolution
		HideSolutionNode = FALSE
	EndGlobalSection
	GlobalSection(ExtensibilityGlobals) = postSolution
		SolutionGuid = {28BF11BE-DBA6-49C5-864D-C01B7EA81D3D}
	EndGlobalSection
EndGlobal
